PODS:
  - Firebase/Auth (11.15.0):
    - Firebase/CoreOnly
    - FirebaseAuth (~> 11.15.0)
  - Firebase/CoreOnly (11.15.0):
    - FirebaseCore (= 11.15.0)
  - FirebaseAuth (11.15.0):
    - FirebaseCore (~> 11.0)
    - GoogleUtilities/AppDelegateSwizzler (~> 8.0)
    - GoogleUtilities/Environment (~> 8.0)
    - GTMSessionFetcher/Core (~> 3.1)

DEPENDENCIES:
  - Firebase/Auth

SPEC REPOS:
  trunk:
    - Firebase
    - FirebaseAuth
    - FirebaseCore
    - GoogleUtilities
    - GTMSessionFetcher

SPEC CHECKSUMS:
  Firebase: 3d0e0b1f1f8431dfc6a7b9d64b705c0621f9fbb7
  FirebaseAuth: b38a48d4b23b87dc29e5b7fd09eac87c6a1fbcf3
  FirebaseCore: 2b30f112c2eabbb0b25c5cb9184160a95cace0bb
  GoogleUtilities: 2a0eb4d2d8f63fa4d2fba8b58f1f3e3d04f40e0f
  GTMSessionFetcher: 98fc02a802a4a3c1d5e431ec0bc922d3e9fc8f1b

PODFILE CHECKSUM: 1f8eeb8adac6cf8941fbb6c8dce6ed7e2df0c68f

COCOAPODS: 1.16.2
